{
  "name": "fileFormatConverter",
  "lockfileVersion": 3,
  "requires": true,
  "packages": {
    "": {
      "devDependencies": {
        "@types/gapi": "^0.0.47",
        "@types/google.picker": "^0.0.52"
      }
    },
    "node_modules/@types/gapi": {
      "version": "0.0.47",
      "resolved": "https://registry.npmjs.org/@types/gapi/-/gapi-0.0.47.tgz",
      "integrity": "sha512-/ZsLuq6BffMgbKMtZyDZ8vwQvTyKhKQ1G2K6VyWCgtHHhfSSXbk4+4JwImZiTjWNXfI2q1ZStAwFFHSkNoTkHA==",
      "dev": true,
      "license": "MIT"
    },
    "node_modules/@types/google.picker": {
      "version": "0.0.52",
      "resolved": "https://registry.npmjs.org/@types/google.picker/-/google.picker-0.0.52.tgz",
      "integrity": "sha512-k0HyW8HxJePomM2r0JWq9nE9XG6qY93lVpoVnaV4WjQggDHrGwDKq3G8CGpcBWhQlJBTxX9jDIrI7RQnqjM63w==",
      "dev": true,
      "license": "MIT"
    }
  }
}
