{
  "name": "fileFormatConverter",
  "lockfileVersion": 3,
  "requires": true,
  "packages": {
    "": {
      "dependencies": {
        "svelte-sound": "^0.6.0"
      }
    },
    "node_modules/howler": {
      "version": "2.2.4",
      "resolved": "https://registry.npmjs.org/howler/-/howler-2.2.4.tgz",
      "integrity": "sha512-iARIBPgcQrwtEr+tALF+rapJ8qSc+Set2GJQl7xT1MQzWaVkFebdJhR3alVlSiUf5U7nAANKuj3aWpwerocD5w==",
      "license": "MIT"
    },
    "node_modules/svelte-sound": {
      "version": "0.6.0",
      "resolved": "https://registry.npmjs.org/svelte-sound/-/svelte-sound-0.6.0.tgz",
      "integrity": "sha512-n0JJwWwNEmsGntSN9oe57yevHrIg8Lw3tW2XsfdrDhJXwrbAAmLvbBJQ0Z3TFqONUW7+OWb5Yx04CSCo7q56fA==",
      "license": "MIT",
      "dependencies": {
        "howler": "^2.2.3"
      }
    }
  }
}
